# This file is automatically @generated by Cargo.
# It is not intended for manual editing.
version = 4

[[package]]
name = "geometry-kernels"
version = "0.1.0"
source = "git+https://github.com/moritzbrantner/rust-kernels?rev=0b1919a4b841a57b077869c42c79104031aff418#0b1919a4b841a57b077869c42c79104031aff418"
dependencies = [
 "spatial-kernels",
]

[[package]]
name = "physics-engine"
version = "0.1.0"
dependencies = [
 "geometry-kernels",
]

[[package]]
name = "spatial-kernels"
version = "0.1.0"
source = "git+https://github.com/moritzbrantner/rust-kernels?rev=0b1919a4b841a57b077869c42c79104031aff418#0b1919a4b841a57b077869c42c79104031aff418"
